
Microsoft Visual Studio Solution File, Format Version 12.00
# Visual Studio Version 17
VisualStudioVersion = 17.5.33424.131
MinimumVisualStudioVersion = 10.0.40219.1
Project("{FAE04EC0-301F-11D3-BF4B-00C04F79EFBC}") = "lap1", "lap1\lap1.csproj", "{49FC57C7-7A70-426A-A649-4531CE7D0F00}"
EndProject
Global
	GlobalSection(SolutionConfigurationPlatforms) = preSolution
		Debug|Any CPU = Debug|Any CPU
		Release|Any CPU = Release|Any CPU
	EndGlobalSection
	GlobalSection(ProjectConfigurationPlatforms) = postSolution
		{49FC57C7-7A70-426A-A649-4531CE7D0F00}.Debug|Any CPU.ActiveCfg = Debug|Any CPU
		{49FC57C7-7A70-426A-A649-4531CE7D0F00}.Debug|Any CPU.Build.0 = Debug|Any CPU
		{49FC57C7-7A70-426A-A649-4531CE7D0F00}.Release|Any CPU.ActiveCfg = Release|Any CPU
		{49FC57C7-7A70-426A-A649-4531CE7D0F00}.Release|Any CPU.Build.0 = Release|Any CPU
	EndGlobalSection
	GlobalSection(SolutionProperties) = preSolution
		HideSolutionNode = FALSE
	EndGlobalSection
	GlobalSection(ExtensibilityGlobals) = postSolution
		SolutionGuid = {82327DD4-DD80-4CA5-9FC4-6231DBBBB513}
	EndGlobalSection
EndGlobal
